
Microsoft Visual Studio Solution File, Format Version 12.00
# Visual Studio Version 16
VisualStudioVersion = 16.0.31410.357
MinimumVisualStudioVersion = 10.0.40219.1
Project("{FAE04EC0-301F-11D3-BF4B-00C04F79EFBC}") = "Stage2Activity6", "Stage2Activity6\Stage2Activity6.csproj", "{370B449E-659B-4589-80FC-26387557618F}"
EndProject
Global
	GlobalSection(SolutionConfigurationPlatforms) = preSolution
		Debug|Any CPU = Debug|Any CPU
		Release|Any CPU = Release|Any CPU
	EndGlobalSection
	GlobalSection(ProjectConfigurationPlatforms) = postSolution
		{370B449E-659B-4589-80FC-26387557618F}.Debug|Any CPU.ActiveCfg = Debug|Any CPU
		{370B449E-659B-4589-80FC-26387557618F}.Debug|Any CPU.Build.0 = Debug|Any CPU
		{370B449E-659B-4589-80FC-26387557618F}.Release|Any CPU.ActiveCfg = Release|Any CPU
		{370B449E-659B-4589-80FC-26387557618F}.Release|Any CPU.Build.0 = Release|Any CPU
	EndGlobalSection
	GlobalSection(SolutionProperties) = preSolution
		HideSolutionNode = FALSE
	EndGlobalSection
	GlobalSection(ExtensibilityGlobals) = postSolution
		SolutionGuid = {8EBAC12E-128A-41A6-B85F-9E97AC477B66}
	EndGlobalSection
EndGlobal
