
Microsoft Visual Studio Solution File, Format Version 12.00
# Visual Studio Version 16
VisualStudioVersion = 16.0.31321.278
MinimumVisualStudioVersion = 10.0.40219.1
Project("{9A19103F-16F7-4668-BE54-9A1E7A4F7556}") = "Activities", "Activity1\Activities.csproj", "{C5024D22-36E2-4192-B7EF-22D032E804FE}"
EndProject
Global
	GlobalSection(SolutionConfigurationPlatforms) = preSolution
		Debug|Any CPU = Debug|Any CPU
		Release|Any CPU = Release|Any CPU
	EndGlobalSection
	GlobalSection(ProjectConfigurationPlatforms) = postSolution
		{C5024D22-36E2-4192-B7EF-22D032E804FE}.Debug|Any CPU.ActiveCfg = Debug|Any CPU
		{C5024D22-36E2-4192-B7EF-22D032E804FE}.Debug|Any CPU.Build.0 = Debug|Any CPU
		{C5024D22-36E2-4192-B7EF-22D032E804FE}.Release|Any CPU.ActiveCfg = Release|Any CPU
		{C5024D22-36E2-4192-B7EF-22D032E804FE}.Release|Any CPU.Build.0 = Release|Any CPU
	EndGlobalSection
	GlobalSection(SolutionProperties) = preSolution
		HideSolutionNode = FALSE
	EndGlobalSection
	GlobalSection(ExtensibilityGlobals) = postSolution
		SolutionGuid = {15365CB0-249A-49FB-AC71-F3BD77B9DAF7}
	EndGlobalSection
EndGlobal
